
Microsoft Visual Studio Solution File, Format Version 12.00
# Visual Studio 15
VisualStudioVersion = 15.0.27703.2035
MinimumVisualStudioVersion = 10.0.40219.1
Project("{FAE04EC0-301F-11D3-BF4B-00C04F79EFBC}") = "WpfTemplate", "WpfTemplate.csproj", "{863B3FF1-273C-4964-AF56-974AA8DF366E}"
EndProject
Global
	GlobalSection(SolutionConfigurationPlatforms) = preSolution
		Debug|Any CPU = Debug|Any CPU
		Release|Any CPU = Release|Any CPU
	EndGlobalSection
	GlobalSection(ProjectConfigurationPlatforms) = postSolution
		{863B3FF1-273C-4964-AF56-974AA8DF366E}.Debug|Any CPU.ActiveCfg = Debug|Any CPU
		{863B3FF1-273C-4964-AF56-974AA8DF366E}.Debug|Any CPU.Build.0 = Debug|Any CPU
		{863B3FF1-273C-4964-AF56-974AA8DF366E}.Release|Any CPU.ActiveCfg = Release|Any CPU
		{863B3FF1-273C-4964-AF56-974AA8DF366E}.Release|Any CPU.Build.0 = Release|Any CPU
	EndGlobalSection
	GlobalSection(SolutionProperties) = preSolution
		HideSolutionNode = FALSE
	EndGlobalSection
	GlobalSection(ExtensibilityGlobals) = postSolution
		SolutionGuid = {AC5E0813-4C22-455D-BE95-A6C3A1B2E643}
	EndGlobalSection
EndGlobal
